
Microsoft Visual Studio Solution File, Format Version 12.00
# Visual Studio Version 17
VisualStudioVersion = 17.2.32630.192
MinimumVisualStudioVersion = 10.0.40219.1
Project("{9A19103F-16F7-4668-BE54-9A1E7A4F7556}") = "ChocolateStoreCore", "ChocolateStoreCore\ChocolateStoreCore.csproj", "{AAD8E4A4-61FD-4737-BEEF-D54A9939DE0D}"
EndProject
Project("{9A19103F-16F7-4668-BE54-9A1E7A4F7556}") = "ChocolateStoreCoreTests", "ChocolateStoreCoreTests\ChocolateStoreCoreTests.csproj", "{E6336EC8-95F4-4D10-A243-87F2F8168367}"
EndProject
Project("{2150E333-8FDC-42A3-9474-1A3956D46DE8}") = "Solution Items", "Solution Items", "{0B41E431-B596-40C9-8805-64158D23E9B0}"
	ProjectSection(SolutionItems) = preProject
		.gitattributes = .gitattributes
		.gitignore = .gitignore
		coverage.ps1 = coverage.ps1
		package.ps1 = package.ps1
		publish.ps1 = publish.ps1
		upload.ps1 = upload.ps1
		version.ps1 = version.ps1
		version.txt = version.txt
	EndProjectSection
EndProject
Project("{2150E333-8FDC-42A3-9474-1A3956D46DE8}") = "ChocolateyPackage", "ChocolateyPackage", "{82B5080C-0156-40BD-8845-A0DCF0D66E8F}"
	ProjectSection(SolutionItems) = preProject
		ChocolateyPackages\chocolatestore\chocolatestore.nuspec = ChocolateyPackages\chocolatestore\chocolatestore.nuspec
		ChocolateyPackages\chocolatestore\tools\chocolateyInstall.ps1 = ChocolateyPackages\chocolatestore\tools\chocolateyInstall.ps1
		ChocolateyPackages\chocolatestore\tools\chocolateyUninstall.ps1 = ChocolateyPackages\chocolatestore\tools\chocolateyUninstall.ps1
	EndProjectSection
EndProject
Project("{2150E333-8FDC-42A3-9474-1A3956D46DE8}") = "GitHub", "GitHub", "{80784CCF-603E-4C85-8641-F7CF216A060B}"
	ProjectSection(SolutionItems) = preProject
		.github\ChocolateStoreCore.png = .github\ChocolateStoreCore.png
		.github\workflows\chocolatey.yml = .github\workflows\chocolatey.yml
		.github\dependabot.ps1 = .github\dependabot.ps1
		.github\dependabot.yml = .github\dependabot.yml
		.github\workflows\push.yml = .github\workflows\push.yml
		README.md = README.md
		.github\sbom.ps1 = .github\sbom.ps1
		.coverage\summary.html = .coverage\summary.html
		.github\workflows\test.yml = .github\workflows\test.yml
	EndProjectSection
EndProject
Global
	GlobalSection(SolutionConfigurationPlatforms) = preSolution
		Debug|Any CPU = Debug|Any CPU
		Release|Any CPU = Release|Any CPU
	EndGlobalSection
	GlobalSection(ProjectConfigurationPlatforms) = postSolution
		{AAD8E4A4-61FD-4737-BEEF-D54A9939DE0D}.Debug|Any CPU.ActiveCfg = Debug|Any CPU
		{AAD8E4A4-61FD-4737-BEEF-D54A9939DE0D}.Debug|Any CPU.Build.0 = Debug|Any CPU
		{AAD8E4A4-61FD-4737-BEEF-D54A9939DE0D}.Release|Any CPU.ActiveCfg = Release|Any CPU
		{AAD8E4A4-61FD-4737-BEEF-D54A9939DE0D}.Release|Any CPU.Build.0 = Release|Any CPU
		{E6336EC8-95F4-4D10-A243-87F2F8168367}.Debug|Any CPU.ActiveCfg = Debug|Any CPU
		{E6336EC8-95F4-4D10-A243-87F2F8168367}.Debug|Any CPU.Build.0 = Debug|Any CPU
		{E6336EC8-95F4-4D10-A243-87F2F8168367}.Release|Any CPU.ActiveCfg = Release|Any CPU
		{E6336EC8-95F4-4D10-A243-87F2F8168367}.Release|Any CPU.Build.0 = Release|Any CPU
	EndGlobalSection
	GlobalSection(SolutionProperties) = preSolution
		HideSolutionNode = FALSE
	EndGlobalSection
	GlobalSection(NestedProjects) = preSolution
		{82B5080C-0156-40BD-8845-A0DCF0D66E8F} = {0B41E431-B596-40C9-8805-64158D23E9B0}
		{80784CCF-603E-4C85-8641-F7CF216A060B} = {0B41E431-B596-40C9-8805-64158D23E9B0}
	EndGlobalSection
	GlobalSection(ExtensibilityGlobals) = postSolution
		SolutionGuid = {59EC4D31-9D53-4F41-B626-A4B81F2B224B}
	EndGlobalSection
EndGlobal
